// !$*UTF8*$!
{
	archiveVersion = 1;
	classes = {
	};
	objectVersion = 50;
	objects = {

/* Begin PBXBuildFile section */
		C48B5D5E2565280B0001223B /* AppDelegate.swift in Sources */ = {isa = PBXBuildFile; fileRef = C48B5D5D2565280B0001223B /* AppDelegate.swift */; };
		C48B5D602565280B0001223B /* SceneDelegate.swift in Sources */ = {isa = PBXBuildFile; fileRef = C48B5D5F2565280B0001223B /* SceneDelegate.swift */; };
		C48B5D622565280B0001223B /* ViewController.swift in Sources */ = {isa = PBXBuildFile; fileRef = C48B5D612565280B0001223B /* ViewController.swift */; };
		C48B5D652565280B0001223B /* Main.storyboard in Resources */ = {isa = PBXBuildFile; fileRef = C48B5D632565280B0001223B /* Main.storyboard */; };
		C48B5D682565280B0001223B /* testUITableViewDelegate.xcdatamodeld in Sources */ = {isa = PBXBuildFile; fileRef = C48B5D662565280B0001223B /* testUITableViewDelegate.xcdatamodeld */; };
		C48B5D6A256528150001223B /* Assets.xcassets in Resources */ = {isa = PBXBuildFile; fileRef = C48B5D69256528150001223B /* Assets.xcassets */; };
		C48B5D6D256528150001223B /* LaunchScreen.storyboard in Resources */ = {isa = PBXBuildFile; fileRef = C48B5D6B256528150001223B /* LaunchScreen.storyboard */; };
/* End PBXBuildFile section */

/* Begin PBXFileReference section */
		C48B5D5A2565280B0001223B /* testUITableViewDelegate.app */ = {isa = PBXFileReference; explicitFileType = wrapper.application; includeInIndex = 0; path = testUITableViewDelegate.app; sourceTree = BUILT_PRODUCTS_DIR; };
		C48B5D5D2565280B0001223B /* AppDelegate.swift */ = {isa = PBXFileReference; lastKnownFileType = sourcecode.swift; path = AppDelegate.swift; sourceTree = "<group>"; };
		C48B5D5F2565280B0001223B /* SceneDelegate.swift */ = {isa = PBXFileReference; lastKnownFileType = sourcecode.swift; path = SceneDelegate.swift; sourceTree = "<group>"; };
		C48B5D612565280B0001223B /* ViewController.swift */ = {isa = PBXFileReference; lastKnownFileType = sourcecode.swift; path = ViewController.swift; sourceTree = "<group>"; };
		C48B5D642565280B0001223B /* Base */ = {isa = PBXFileReference; lastKnownFileType = file.storyboard; name = Base; path = Base.lproj/Main.storyboard; sourceTree = "<group>"; };
		C48B5D672565280B0001223B /* testUITableViewDelegate.xcdatamodel */ = {isa = PBXFileReference; lastKnownFileType = wrapper.xcdatamodel; path = testUITableViewDelegate.xcdatamodel; sourceTree = "<group>"; };
		C48B5D69256528150001223B /* Assets.xcassets */ = {isa = PBXFileReference; lastKnownFileType = folder.assetcatalog; path = Assets.xcassets; sourceTree = "<group>"; };
		C48B5D6C256528150001223B /* Base */ = {isa = PBXFileReference; lastKnownFileType = file.storyboard; name = Base; path = Base.lproj/LaunchScreen.storyboard; sourceTree = "<group>"; };
		C48B5D6E256528150001223B /* Info.plist */ = {isa = PBXFileReference; lastKnownFileType = text.plist.xml; path = Info.plist; sourceTree = "<group>"; };
/* End PBXFileReference section */

/* Begin PBXFrameworksBuildPhase section */
		C48B5D572565280B0001223B /* Frameworks */ = {
			isa = PBXFrameworksBuildPhase;
			buildActionMask = 2147483647;
			files = (
			);
			runOnlyForDeploymentPostprocessing = 0;
		};
/* End PBXFrameworksBuildPhase section */

/* Begin PBXGroup section */
		C48B5D512565280B0001223B = {
			isa = PBXGroup;
			children = (
				C48B5D5C2565280B0001223B /* testUITableViewDelegate */,
				C48B5D5B2565280B0001223B /* Products */,
			);
			sourceTree = "<group>";
		};
		C48B5D5B2565280B0001223B /* Products */ = {
			isa = PBXGroup;
			children = (
				C48B5D5A2565280B0001223B /* testUITableViewDelegate.app */,
			);
			name = Products;
			sourceTree = "<group>";
		};
		C48B5D5C2565280B0001223B /* testUITableViewDelegate */ = {
			isa = PBXGroup;
			children = (
				C48B5D5D2565280B0001223B /* AppDelegate.swift */,
				C48B5D5F2565280B0001223B /* SceneDelegate.swift */,
				C48B5D612565280B0001223B /* ViewController.swift */,
				C48B5D632565280B0001223B /* Main.storyboard */,
				C48B5D69256528150001223B /* Assets.xcassets */,
				C48B5D6B256528150001223B /* LaunchScreen.storyboard */,
				C48B5D6E256528150001223B /* Info.plist */,
				C48B5D662565280B0001223B /* testUITableViewDelegate.xcdatamodeld */,
			);
			path = testUITableViewDelegate;
			sourceTree = "<group>";
		};
/* End PBXGroup section */

/* Begin PBXNativeTarget section */
		C48B5D592565280B0001223B /* testUITableViewDelegate */ = {
			isa = PBXNativeTarget;
			buildConfigurationList = C48B5D71256528150001223B /* Build configuration list for PBXNativeTarget "testUITableViewDelegate" */;
			buildPhases = (
				C48B5D562565280B0001223B /* Sources */,
				C48B5D572565280B0001223B /* Frameworks */,
				C48B5D582565280B0001223B /* Resources */,
			);
			buildRules = (
			);
			dependencies = (
			);
			name = testUITableViewDelegate;
			productName = testUITableViewDelegate;
			productReference = C48B5D5A2565280B0001223B /* testUITableViewDelegate.app */;
			productType = "com.apple.product-type.application";
		};
/* End PBXNativeTarget section */

/* Begin PBXProject section */
		C48B5D522565280B0001223B /* Project object */ = {
			isa = PBXProject;
			attributes = {
				LastSwiftUpdateCheck = 1220;
				LastUpgradeCheck = 1220;
				TargetAttributes = {
					C48B5D592565280B0001223B = {
						CreatedOnToolsVersion = 12.2;
					};
				};
			};
			buildConfigurationList = C48B5D552565280B0001223B /* Build configuration list for PBXProject "testUITableViewDelegate" */;
			compatibilityVersion = "Xcode 9.3";
			developmentRegion = en;
			hasScannedForEncodings = 0;
			knownRegions = (
				en,
				Base,
			);
			mainGroup = C48B5D512565280B0001223B;
			productRefGroup = C48B5D5B2565280B0001223B /* Products */;
			projectDirPath = "";
			projectRoot = "";
			targets = (
				C48B5D592565280B0001223B /* testUITableViewDelegate */,
			);
		};
/* End PBXProject section */

/* Begin PBXResourcesBuildPhase section */
		C48B5D582565280B0001223B /* Resources */ = {
			isa = PBXResourcesBuildPhase;
			buildActionMask = 2147483647;
			files = (
				C48B5D6D256528150001223B /* LaunchScreen.storyboard in Resources */,
				C48B5D6A256528150001223B /* Assets.xcassets in Resources */,
				C48B5D652565280B0001223B /* Main.storyboard in Resources */,
			);
			runOnlyForDeploymentPostprocessing = 0;
		};
/* End PBXResourcesBuildPhase section */

/* Begin PBXSourcesBuildPhase section */
		C48B5D562565280B0001223B /* Sources */ = {
			isa = PBXSourcesBuildPhase;
			buildActionMask = 2147483647;
			files = (
				C48B5D682565280B0001223B /* testUITableViewDelegate.xcdatamodeld in Sources */,
				C48B5D622565280B0001223B /* ViewController.swift in Sources */,
				C48B5D5E2565280B0001223B /* AppDelegate.swift in Sources */,
				C48B5D602565280B0001223B /* SceneDelegate.swift in Sources */,
			);
			runOnlyForDeploymentPostprocessing = 0;
		};
/* End PBXSourcesBuildPhase section */

/* Begin PBXVariantGroup section */
		C48B5D632565280B0001223B /* Main.storyboard */ = {
			isa = PBXVariantGroup;
			children = (
				C48B5D642565280B0001223B /* Base */,
			);
			name = Main.storyboard;
			sourceTree = "<group>";
		};
		C48B5D6B256528150001223B /* LaunchScreen.storyboard */ = {
			isa = PBXVariantGroup;
			children = (
				C48B5D6C256528150001223B /* Base */,
			);
			name = LaunchScreen.storyboard;
			sourceTree = "<group>";
		};
/* End PBXVariantGroup section */

/* Begin XCBuildConfiguration section */
		C48B5D6F256528150001223B /* Debug */ = {
			isa = XCBuildConfiguration;
			buildSettings = {
				ALWAYS_SEARCH_USER_PATHS = NO;
				CLANG_ANALYZER_NONNULL = YES;
				CLANG_ANALYZER_NUMBER_OBJECT_CONVERSION = YES_AGGRESSIVE;
				CLANG_CXX_LANGUAGE_STANDARD = "gnu++14";
				CLANG_CXX_LIBRARY = "libc++";
				CLANG_ENABLE_MODULES = YES;
				CLANG_ENABLE_OBJC_ARC = YES;
				CLANG_ENABLE_OBJC_WEAK = YES;
				CLANG_WARN_BLOCK_CAPTURE_AUTORELEASING = YES;
				CLANG_WARN_BOOL_CONVERSION = YES;
				CLANG_WARN_COMMA = YES;
				CLANG_WARN_CONSTANT_CONVERSION = YES;
				CLANG_WARN_DEPRECATED_OBJC_IMPLEMENTATIONS = YES;
				CLANG_WARN_DIRECT_OBJC_ISA_USAGE = YES_ERROR;
				CLANG_WARN_DOCUMENTATION_COMMENTS = YES;
				CLANG_WARN_EMPTY_BODY = YES;
				CLANG_WARN_ENUM_CONVERSION = YES;
				CLANG_WARN_INFINITE_RECURSION = YES;
				CLANG_WARN_INT_CONVERSION = YES;
				CLANG_WARN_NON_LITERAL_NULL_CONVERSION = YES;
				CLANG_WARN_OBJC_IMPLICIT_RETAIN_SELF = YES;
				CLANG_WARN_OBJC_LITERAL_CONVERSION = YES;
				CLANG_WARN_OBJC_ROOT_CLASS = YES_ERROR;
				CLANG_WARN_QUOTED_INCLUDE_IN_FRAMEWORK_HEADER = YES;
				CLANG_WARN_RANGE_LOOP_ANALYSIS = YES;
				CLANG_WARN_STRICT_PROTOTYPES = YES;
				CLANG_WARN_SUSPICIOUS_MOVE = YES;
				CLANG_WARN_UNGUARDED_AVAILABILITY = YES_AGGRESSIVE;
				CLANG_WARN_UNREACHABLE_CODE = YES;
				CLANG_WARN__DUPLICATE_METHOD_MATCH = YES;
				COPY_PHASE_STRIP = NO;
				DEBUG_INFORMATION_FORMAT = dwarf;
				ENABLE_STRICT_OBJC_MSGSEND = YES;
				ENABLE_TESTABILITY = YES;
				GCC_C_LANGUAGE_STANDARD = gnu11;
				GCC_DYNAMIC_NO_PIC = NO;
				GCC_NO_COMMON_BLOCKS = YES;
				GCC_OPTIMIZATION_LEVEL = 0;
				GCC_PREPROCESSOR_DEFINITIONS = (
					"DEBUG=1",
					"$(inherited)",
				);
				GCC_WARN_64_TO_32_BIT_CONVERSION = YES;
				GCC_WARN_ABOUT_RETURN_TYPE = YES_ERROR;
				GCC_WARN_UNDECLARED_SELECTOR = YES;
				GCC_WARN_UNINITIALIZED_AUTOS = YES_AGGRESSIVE;
				GCC_WARN_UNUSED_FUNCTION = YES;
				GCC_WARN_UNUSED_VARIABLE = YES;
				IPHONEOS_DEPLOYMENT_TARGET = 14.2;
				MTL_ENABLE_DEBUG_INFO = INCLUDE_SOURCE;
				MTL_FAST_MATH = YES;
				ONLY_ACTIVE_ARCH = YES;
				SDKROOT = iphoneos;
				SWIFT_ACTIVE_COMPILATION_CONDITIONS = DEBUG;
				SWIFT_OPTIMIZATION_LEVEL = "-Onone";
			};
			name = Debug;
		};
		C48B5D70256528150001223B /* Release */ = {
			isa = XCBuildConfiguration;
			buildSettings = {
				ALWAYS_SEARCH_USER_PATHS = NO;
				CLANG_ANALYZER_NONNULL = YES;
				CLANG_ANALYZER_NUMBER_OBJECT_CONVERSION = YES_AGGRESSIVE;
				CLANG_CXX_LANGUAGE_STANDARD = "gnu++14";
				CLANG_CXX_LIBRARY = "libc++";
				CLANG_ENABLE_MODULES = YES;
				CLANG_ENABLE_OBJC_ARC = YES;
				CLANG_ENABLE_OBJC_WEAK = YES;
				CLANG_WARN_BLOCK_CAPTURE_AUTORELEASING = YES;
				CLANG_WARN_BOOL_CONVERSION = YES;
				CLANG_WARN_COMMA = YES;
				CLANG_WARN_CONSTANT_CONVERSION = YES;
				CLANG_WARN_DEPRECATED_OBJC_IMPLEMENTATIONS = YES;
				CLANG_WARN_DIRECT_OBJC_ISA_USAGE = YES_ERROR;
				CLANG_WARN_DOCUMENTATION_COMMENTS = YES;
				CLANG_WARN_EMPTY_BODY = YES;
				CLANG_WARN_ENUM_CONVERSION = YES;
				CLANG_WARN_INFINITE_RECURSION = YES;
				CLANG_WARN_INT_CONVERSION = YES;
				CLANG_WARN_NON_LITERAL_NULL_CONVERSION = YES;
				CLANG_WARN_OBJC_IMPLICIT_RETAIN_SELF = YES;
				CLANG_WARN_OBJC_LITERAL_CONVERSION = YES;
				CLANG_WARN_OBJC_ROOT_CLASS = YES_ERROR;
				CLANG_WARN_QUOTED_INCLUDE_IN_FRAMEWORK_HEADER = YES;
				CLANG_WARN_RANGE_LOOP_ANALYSIS = YES;
				CLANG_WARN_STRICT_PROTOTYPES = YES;
				CLANG_WARN_SUSPICIOUS_MOVE = YES;
				CLANG_WARN_UNGUARDED_AVAILABILITY = YES_AGGRESSIVE;
				CLANG_WARN_UNREACHABLE_CODE = YES;
				CLANG_WARN__DUPLICATE_METHOD_MATCH = YES;
				COPY_PHASE_STRIP = NO;
				DEBUG_INFORMATION_FORMAT = "dwarf-with-dsym";
				ENABLE_NS_ASSERTIONS = NO;
				ENABLE_STRICT_OBJC_MSGSEND = YES;
				GCC_C_LANGUAGE_STANDARD = gnu11;
				GCC_NO_COMMON_BLOCKS = YES;
				GCC_WARN_64_TO_32_BIT_CONVERSION = YES;
				GCC_WARN_ABOUT_RETURN_TYPE = YES_ERROR;
				GCC_WARN_UNDECLARED_SELECTOR = YES;
				GCC_WARN_UNINITIALIZED_AUTOS = YES_AGGRESSIVE;
				GCC_WARN_UNUSED_FUNCTION = YES;
				GCC_WARN_UNUSED_VARIABLE = YES;
				IPHONEOS_DEPLOYMENT_TARGET = 14.2;
				MTL_ENABLE_DEBUG_INFO = NO;
				MTL_FAST_MATH = YES;
				SDKROOT = iphoneos;
				SWIFT_COMPILATION_MODE = wholemodule;
				SWIFT_OPTIMIZATION_LEVEL = "-O";
				VALIDATE_PRODUCT = YES;
			};
			name = Release;
		};
		C48B5D72256528150001223B /* Debug */ = {
			isa = XCBuildConfiguration;
			buildSettings = {
				ASSETCATALOG_COMPILER_APPICON_NAME = AppIcon;
				ASSETCATALOG_COMPILER_GLOBAL_ACCENT_COLOR_NAME = AccentColor;
				CODE_SIGN_STYLE = Automatic;
				DEVELOPMENT_TEAM = VA5H4ANJC3;
				INFOPLIST_FILE = testUITableViewDelegate/Info.plist;
				LD_RUNPATH_SEARCH_PATHS = (
					"$(inherited)",
					"@executable_path/Frameworks",
				);
				PRODUCT_BUNDLE_IDENTIFIER = com.exlo.summer.testUITableViewDelegate;
				PRODUCT_NAME = "$(TARGET_NAME)";
				SWIFT_VERSION = 5.0;
				TARGETED_DEVICE_FAMILY = "1,2";
			};
			name = Debug;
		};
		C48B5D73256528150001223B /* Release */ = {
			isa = XCBuildConfiguration;
			buildSettings = {
				ASSETCATALOG_COMPILER_APPICON_NAME = AppIcon;
				ASSETCATALOG_COMPILER_GLOBAL_ACCENT_COLOR_NAME = AccentColor;
				CODE_SIGN_STYLE = Automatic;
				DEVELOPMENT_TEAM = VA5H4ANJC3;
				INFOPLIST_FILE = testUITableViewDelegate/Info.plist;
				LD_RUNPATH_SEARCH_PATHS = (
					"$(inherited)",
					"@executable_path/Frameworks",
				);
				PRODUCT_BUNDLE_IDENTIFIER = com.exlo.summer.testUITableViewDelegate;
				PRODUCT_NAME = "$(TARGET_NAME)";
				SWIFT_VERSION = 5.0;
				TARGETED_DEVICE_FAMILY = "1,2";
			};
			name = Release;
		};
/* End XCBuildConfiguration section */

/* Begin XCConfigurationList section */
		C48B5D552565280B0001223B /* Build configuration list for PBXProject "testUITableViewDelegate" */ = {
			isa = XCConfigurationList;
			buildConfigurations = (
				C48B5D6F256528150001223B /* Debug */,
				C48B5D70256528150001223B /* Release */,
			);
			defaultConfigurationIsVisible = 0;
			defaultConfigurationName = Release;
		};
		C48B5D71256528150001223B /* Build configuration list for PBXNativeTarget "testUITableViewDelegate" */ = {
			isa = XCConfigurationList;
			buildConfigurations = (
				C48B5D72256528150001223B /* Debug */,
				C48B5D73256528150001223B /* Release */,
			);
			defaultConfigurationIsVisible = 0;
			defaultConfigurationName = Release;
		};
/* End XCConfigurationList section */

/* Begin XCVersionGroup section */
		C48B5D662565280B0001223B /* testUITableViewDelegate.xcdatamodeld */ = {
			isa = XCVersionGroup;
			children = (
				C48B5D672565280B0001223B /* testUITableViewDelegate.xcdatamodel */,
			);
			currentVersion = C48B5D672565280B0001223B /* testUITableViewDelegate.xcdatamodel */;
			path = testUITableViewDelegate.xcdatamodeld;
			sourceTree = "<group>";
			versionGroupType = wrapper.xcdatamodel;
		};
/* End XCVersionGroup section */
	};
	rootObject = C48B5D522565280B0001223B /* Project object */;
}
